
Microsoft Visual Studio Solution File, Format Version 12.00
# Visual Studio Version 16
VisualStudioVersion = 16.0.29709.97
MinimumVisualStudioVersion = 10.0.40219.1
Project("{FAE04EC0-301F-11D3-BF4B-00C04F79EFBC}") = "RangeTask", "RangeTask\RangeTask.csproj", "{0F75ACF2-5E84-445E-9F13-749C591500E6}"
EndProject
Project("{FAE04EC0-301F-11D3-BF4B-00C04F79EFBC}") = "ShapesTask", "ShapesTask\ShapesTask.csproj", "{A13C28B0-AE75-4AEE-99BA-26B2DCC223B5}"
EndProject
Project("{FAE04EC0-301F-11D3-BF4B-00C04F79EFBC}") = "VectorTasks", "VectorTasks\VectorTasks.csproj", "{F192CC09-1EBD-45C1-9D34-A5AAAD142D07}"
EndProject
Project("{2150E333-8FDC-42A3-9474-1A3956D46DE8}") = "Solution Items", "Solution Items", "{92992958-7D0B-495A-A302-BC6A72F15D17}"
	ProjectSection(SolutionItems) = preProject
		.editorconfig = .editorconfig
	EndProjectSection
EndProject
Global
	GlobalSection(SolutionConfigurationPlatforms) = preSolution
		Debug|Any CPU = Debug|Any CPU
		Release|Any CPU = Release|Any CPU
	EndGlobalSection
	GlobalSection(ProjectConfigurationPlatforms) = postSolution
		{0F75ACF2-5E84-445E-9F13-749C591500E6}.Debug|Any CPU.ActiveCfg = Debug|Any CPU
		{0F75ACF2-5E84-445E-9F13-749C591500E6}.Debug|Any CPU.Build.0 = Debug|Any CPU
		{0F75ACF2-5E84-445E-9F13-749C591500E6}.Release|Any CPU.ActiveCfg = Release|Any CPU
		{0F75ACF2-5E84-445E-9F13-749C591500E6}.Release|Any CPU.Build.0 = Release|Any CPU
		{A13C28B0-AE75-4AEE-99BA-26B2DCC223B5}.Debug|Any CPU.ActiveCfg = Debug|Any CPU
		{A13C28B0-AE75-4AEE-99BA-26B2DCC223B5}.Debug|Any CPU.Build.0 = Debug|Any CPU
		{A13C28B0-AE75-4AEE-99BA-26B2DCC223B5}.Release|Any CPU.ActiveCfg = Release|Any CPU
		{A13C28B0-AE75-4AEE-99BA-26B2DCC223B5}.Release|Any CPU.Build.0 = Release|Any CPU
		{F192CC09-1EBD-45C1-9D34-A5AAAD142D07}.Debug|Any CPU.ActiveCfg = Debug|Any CPU
		{F192CC09-1EBD-45C1-9D34-A5AAAD142D07}.Debug|Any CPU.Build.0 = Debug|Any CPU
		{F192CC09-1EBD-45C1-9D34-A5AAAD142D07}.Release|Any CPU.ActiveCfg = Release|Any CPU
		{F192CC09-1EBD-45C1-9D34-A5AAAD142D07}.Release|Any CPU.Build.0 = Release|Any CPU
	EndGlobalSection
	GlobalSection(SolutionProperties) = preSolution
		HideSolutionNode = FALSE
	EndGlobalSection
	GlobalSection(ExtensibilityGlobals) = postSolution
		SolutionGuid = {FEE9E4AC-5B41-4515-8D91-BE7495CBA5AC}
	EndGlobalSection
EndGlobal
